// !$*UTF8*$!
{
	archiveVersion = 1;
	classes = {
	};
	objectVersion = 56;
	objects = {

/* Begin PBXBuildFile section */
		CBEEC4F62B4E926000B0EDAA /* AppDelegate.swift in Sources */ = {isa = PBXBuildFile; fileRef = CBEEC4F52B4E926000B0EDAA /* AppDelegate.swift */; };
		CBEEC4F82B4E926000B0EDAA /* SceneDelegate.swift in Sources */ = {isa = PBXBuildFile; fileRef = CBEEC4F72B4E926000B0EDAA /* SceneDelegate.swift */; };
		CBEEC4FA2B4E926000B0EDAA /* ViewController.swift in Sources */ = {isa = PBXBuildFile; fileRef = CBEEC4F92B4E926000B0EDAA /* ViewController.swift */; };
		CBEEC4FD2B4E926000B0EDAA /* Main.storyboard in Resources */ = {isa = PBXBuildFile; fileRef = CBEEC4FB2B4E926000B0EDAA /* Main.storyboard */; };
		CBEEC4FF2B4E926100B0EDAA /* Assets.xcassets in Resources */ = {isa = PBXBuildFile; fileRef = CBEEC4FE2B4E926100B0EDAA /* Assets.xcassets */; };
		CBEEC5022B4E926100B0EDAA /* LaunchScreen.storyboard in Resources */ = {isa = PBXBuildFile; fileRef = CBEEC5002B4E926100B0EDAA /* LaunchScreen.storyboard */; };
		CBEEC5402B4E996000B0EDAA /* UniformTypeIdentifiers.framework in Frameworks */ = {isa = PBXBuildFile; fileRef = CBEEC53F2B4E996000B0EDAA /* UniformTypeIdentifiers.framework */; };
		CBEEC5432B4E996000B0EDAA /* Media.xcassets in Resources */ = {isa = PBXBuildFile; fileRef = CBEEC5422B4E996000B0EDAA /* Media.xcassets */; };
		CBEEC5452B4E996000B0EDAA /* ActionViewController.swift in Sources */ = {isa = PBXBuildFile; fileRef = CBEEC5442B4E996000B0EDAA /* ActionViewController.swift */; };
		CBEEC5482B4E996000B0EDAA /* MainInterface.storyboard in Resources */ = {isa = PBXBuildFile; fileRef = CBEEC5462B4E996000B0EDAA /* MainInterface.storyboard */; };
		CBEEC54C2B4E996000B0EDAA /* Extension.appex in Embed Foundation Extensions */ = {isa = PBXBuildFile; fileRef = CBEEC53D2B4E996000B0EDAA /* Extension.appex */; settings = {ATTRIBUTES = (RemoveHeadersOnCopy, ); }; };
		CBEEC5522B4EA1AA00B0EDAA /* Action.js in Resources */ = {isa = PBXBuildFile; fileRef = CBEEC5512B4EA1AA00B0EDAA /* Action.js */; };
/* End PBXBuildFile section */

/* Begin PBXContainerItemProxy section */
		CBEEC54A2B4E996000B0EDAA /* PBXContainerItemProxy */ = {
			isa = PBXContainerItemProxy;
			containerPortal = CBEEC4EA2B4E926000B0EDAA /* Project object */;
			proxyType = 1;
			remoteGlobalIDString = CBEEC53C2B4E996000B0EDAA;
			remoteInfo = Extension;
		};
/* End PBXContainerItemProxy section */

/* Begin PBXCopyFilesBuildPhase section */
		CBEEC54D2B4E996000B0EDAA /* Embed Foundation Extensions */ = {
			isa = PBXCopyFilesBuildPhase;
			buildActionMask = 2147483647;
			dstPath = "";
			dstSubfolderSpec = 13;
			files = (
				CBEEC54C2B4E996000B0EDAA /* Extension.appex in Embed Foundation Extensions */,
			);
			name = "Embed Foundation Extensions";
			runOnlyForDeploymentPostprocessing = 0;
		};
/* End PBXCopyFilesBuildPhase section */

/* Begin PBXFileReference section */
		CBEEC4F22B4E926000B0EDAA /* Project19.app */ = {isa = PBXFileReference; explicitFileType = wrapper.application; includeInIndex = 0; path = Project19.app; sourceTree = BUILT_PRODUCTS_DIR; };
		CBEEC4F52B4E926000B0EDAA /* AppDelegate.swift */ = {isa = PBXFileReference; lastKnownFileType = sourcecode.swift; path = AppDelegate.swift; sourceTree = "<group>"; };
		CBEEC4F72B4E926000B0EDAA /* SceneDelegate.swift */ = {isa = PBXFileReference; lastKnownFileType = sourcecode.swift; path = SceneDelegate.swift; sourceTree = "<group>"; };
		CBEEC4F92B4E926000B0EDAA /* ViewController.swift */ = {isa = PBXFileReference; lastKnownFileType = sourcecode.swift; path = ViewController.swift; sourceTree = "<group>"; };
		CBEEC4FC2B4E926000B0EDAA /* Base */ = {isa = PBXFileReference; lastKnownFileType = file.storyboard; name = Base; path = Base.lproj/Main.storyboard; sourceTree = "<group>"; };
		CBEEC4FE2B4E926100B0EDAA /* Assets.xcassets */ = {isa = PBXFileReference; lastKnownFileType = folder.assetcatalog; path = Assets.xcassets; sourceTree = "<group>"; };
		CBEEC5012B4E926100B0EDAA /* Base */ = {isa = PBXFileReference; lastKnownFileType = file.storyboard; name = Base; path = Base.lproj/LaunchScreen.storyboard; sourceTree = "<group>"; };
		CBEEC5032B4E926100B0EDAA /* Info.plist */ = {isa = PBXFileReference; lastKnownFileType = text.plist.xml; path = Info.plist; sourceTree = "<group>"; };
		CBEEC53D2B4E996000B0EDAA /* Extension.appex */ = {isa = PBXFileReference; explicitFileType = "wrapper.app-extension"; includeInIndex = 0; path = Extension.appex; sourceTree = BUILT_PRODUCTS_DIR; };
		CBEEC53F2B4E996000B0EDAA /* UniformTypeIdentifiers.framework */ = {isa = PBXFileReference; lastKnownFileType = wrapper.framework; name = UniformTypeIdentifiers.framework; path = System/Library/Frameworks/UniformTypeIdentifiers.framework; sourceTree = SDKROOT; };
		CBEEC5422B4E996000B0EDAA /* Media.xcassets */ = {isa = PBXFileReference; lastKnownFileType = folder.assetcatalog; path = Media.xcassets; sourceTree = "<group>"; };
		CBEEC5442B4E996000B0EDAA /* ActionViewController.swift */ = {isa = PBXFileReference; lastKnownFileType = sourcecode.swift; path = ActionViewController.swift; sourceTree = "<group>"; };
		CBEEC5472B4E996000B0EDAA /* Base */ = {isa = PBXFileReference; lastKnownFileType = file.storyboard; name = Base; path = Base.lproj/MainInterface.storyboard; sourceTree = "<group>"; };
		CBEEC5492B4E996000B0EDAA /* Info.plist */ = {isa = PBXFileReference; lastKnownFileType = text.plist.xml; path = Info.plist; sourceTree = "<group>"; };
		CBEEC5512B4EA1AA00B0EDAA /* Action.js */ = {isa = PBXFileReference; lastKnownFileType = sourcecode.javascript; path = Action.js; sourceTree = "<group>"; };
/* End PBXFileReference section */

/* Begin PBXFrameworksBuildPhase section */
		CBEEC4EF2B4E926000B0EDAA /* Frameworks */ = {
			isa = PBXFrameworksBuildPhase;
			buildActionMask = 2147483647;
			files = (
			);
			runOnlyForDeploymentPostprocessing = 0;
		};
		CBEEC53A2B4E996000B0EDAA /* Frameworks */ = {
			isa = PBXFrameworksBuildPhase;
			buildActionMask = 2147483647;
			files = (
				CBEEC5402B4E996000B0EDAA /* UniformTypeIdentifiers.framework in Frameworks */,
			);
			runOnlyForDeploymentPostprocessing = 0;
		};
/* End PBXFrameworksBuildPhase section */

/* Begin PBXGroup section */
		CBEEC4E92B4E926000B0EDAA = {
			isa = PBXGroup;
			children = (
				CBEEC4F42B4E926000B0EDAA /* Project19 */,
				CBEEC5412B4E996000B0EDAA /* Extension */,
				CBEEC53E2B4E996000B0EDAA /* Frameworks */,
				CBEEC4F32B4E926000B0EDAA /* Products */,
			);
			sourceTree = "<group>";
		};
		CBEEC4F32B4E926000B0EDAA /* Products */ = {
			isa = PBXGroup;
			children = (
				CBEEC4F22B4E926000B0EDAA /* Project19.app */,
				CBEEC53D2B4E996000B0EDAA /* Extension.appex */,
			);
			name = Products;
			sourceTree = "<group>";
		};
		CBEEC4F42B4E926000B0EDAA /* Project19 */ = {
			isa = PBXGroup;
			children = (
				CBEEC4F52B4E926000B0EDAA /* AppDelegate.swift */,
				CBEEC4F72B4E926000B0EDAA /* SceneDelegate.swift */,
				CBEEC4F92B4E926000B0EDAA /* ViewController.swift */,
				CBEEC4FB2B4E926000B0EDAA /* Main.storyboard */,
				CBEEC4FE2B4E926100B0EDAA /* Assets.xcassets */,
				CBEEC5002B4E926100B0EDAA /* LaunchScreen.storyboard */,
				CBEEC5032B4E926100B0EDAA /* Info.plist */,
			);
			path = Project19;
			sourceTree = "<group>";
		};
		CBEEC53E2B4E996000B0EDAA /* Frameworks */ = {
			isa = PBXGroup;
			children = (
				CBEEC53F2B4E996000B0EDAA /* UniformTypeIdentifiers.framework */,
			);
			name = Frameworks;
			sourceTree = "<group>";
		};
		CBEEC5412B4E996000B0EDAA /* Extension */ = {
			isa = PBXGroup;
			children = (
				CBEEC5422B4E996000B0EDAA /* Media.xcassets */,
				CBEEC5442B4E996000B0EDAA /* ActionViewController.swift */,
				CBEEC5462B4E996000B0EDAA /* MainInterface.storyboard */,
				CBEEC5492B4E996000B0EDAA /* Info.plist */,
				CBEEC5512B4EA1AA00B0EDAA /* Action.js */,
			);
			path = Extension;
			sourceTree = "<group>";
		};
/* End PBXGroup section */

/* Begin PBXNativeTarget section */
		CBEEC4F12B4E926000B0EDAA /* Project19 */ = {
			isa = PBXNativeTarget;
			buildConfigurationList = CBEEC5062B4E926100B0EDAA /* Build configuration list for PBXNativeTarget "Project19" */;
			buildPhases = (
				CBEEC4EE2B4E926000B0EDAA /* Sources */,
				CBEEC4EF2B4E926000B0EDAA /* Frameworks */,
				CBEEC4F02B4E926000B0EDAA /* Resources */,
				CBEEC54D2B4E996000B0EDAA /* Embed Foundation Extensions */,
			);
			buildRules = (
			);
			dependencies = (
				CBEEC54B2B4E996000B0EDAA /* PBXTargetDependency */,
			);
			name = Project19;
			productName = Project19;
			productReference = CBEEC4F22B4E926000B0EDAA /* Project19.app */;
			productType = "com.apple.product-type.application";
		};
		CBEEC53C2B4E996000B0EDAA /* Extension */ = {
			isa = PBXNativeTarget;
			buildConfigurationList = CBEEC5502B4E996000B0EDAA /* Build configuration list for PBXNativeTarget "Extension" */;
			buildPhases = (
				CBEEC5392B4E996000B0EDAA /* Sources */,
				CBEEC53A2B4E996000B0EDAA /* Frameworks */,
				CBEEC53B2B4E996000B0EDAA /* Resources */,
			);
			buildRules = (
			);
			dependencies = (
			);
			name = Extension;
			productName = Extension;
			productReference = CBEEC53D2B4E996000B0EDAA /* Extension.appex */;
			productType = "com.apple.product-type.app-extension";
		};
/* End PBXNativeTarget section */

/* Begin PBXProject section */
		CBEEC4EA2B4E926000B0EDAA /* Project object */ = {
			isa = PBXProject;
			attributes = {
				BuildIndependentTargetsInParallel = 1;
				LastSwiftUpdateCheck = 1520;
				LastUpgradeCheck = 1520;
				TargetAttributes = {
					CBEEC4F12B4E926000B0EDAA = {
						CreatedOnToolsVersion = 15.2;
					};
					CBEEC53C2B4E996000B0EDAA = {
						CreatedOnToolsVersion = 15.2;
					};
				};
			};
			buildConfigurationList = CBEEC4ED2B4E926000B0EDAA /* Build configuration list for PBXProject "Project19" */;
			compatibilityVersion = "Xcode 14.0";
			developmentRegion = en;
			hasScannedForEncodings = 0;
			knownRegions = (
				en,
				Base,
			);
			mainGroup = CBEEC4E92B4E926000B0EDAA;
			productRefGroup = CBEEC4F32B4E926000B0EDAA /* Products */;
			projectDirPath = "";
			projectRoot = "";
			targets = (
				CBEEC4F12B4E926000B0EDAA /* Project19 */,
				CBEEC53C2B4E996000B0EDAA /* Extension */,
			);
		};
/* End PBXProject section */

/* Begin PBXResourcesBuildPhase section */
		CBEEC4F02B4E926000B0EDAA /* Resources */ = {
			isa = PBXResourcesBuildPhase;
			buildActionMask = 2147483647;
			files = (
				CBEEC5022B4E926100B0EDAA /* LaunchScreen.storyboard in Resources */,
				CBEEC4FF2B4E926100B0EDAA /* Assets.xcassets in Resources */,
				CBEEC4FD2B4E926000B0EDAA /* Main.storyboard in Resources */,
			);
			runOnlyForDeploymentPostprocessing = 0;
		};
		CBEEC53B2B4E996000B0EDAA /* Resources */ = {
			isa = PBXResourcesBuildPhase;
			buildActionMask = 2147483647;
			files = (
				CBEEC5522B4EA1AA00B0EDAA /* Action.js in Resources */,
				CBEEC5432B4E996000B0EDAA /* Media.xcassets in Resources */,
				CBEEC5482B4E996000B0EDAA /* MainInterface.storyboard in Resources */,
			);
			runOnlyForDeploymentPostprocessing = 0;
		};
/* End PBXResourcesBuildPhase section */

/* Begin PBXSourcesBuildPhase section */
		CBEEC4EE2B4E926000B0EDAA /* Sources */ = {
			isa = PBXSourcesBuildPhase;
			buildActionMask = 2147483647;
			files = (
				CBEEC4FA2B4E926000B0EDAA /* ViewController.swift in Sources */,
				CBEEC4F62B4E926000B0EDAA /* AppDelegate.swift in Sources */,
				CBEEC4F82B4E926000B0EDAA /* SceneDelegate.swift in Sources */,
			);
			runOnlyForDeploymentPostprocessing = 0;
		};
		CBEEC5392B4E996000B0EDAA /* Sources */ = {
			isa = PBXSourcesBuildPhase;
			buildActionMask = 2147483647;
			files = (
				CBEEC5452B4E996000B0EDAA /* ActionViewController.swift in Sources */,
			);
			runOnlyForDeploymentPostprocessing = 0;
		};
/* End PBXSourcesBuildPhase section */

/* Begin PBXTargetDependency section */
		CBEEC54B2B4E996000B0EDAA /* PBXTargetDependency */ = {
			isa = PBXTargetDependency;
			target = CBEEC53C2B4E996000B0EDAA /* Extension */;
			targetProxy = CBEEC54A2B4E996000B0EDAA /* PBXContainerItemProxy */;
		};
/* End PBXTargetDependency section */

/* Begin PBXVariantGroup section */
		CBEEC4FB2B4E926000B0EDAA /* Main.storyboard */ = {
			isa = PBXVariantGroup;
			children = (
				CBEEC4FC2B4E926000B0EDAA /* Base */,
			);
			name = Main.storyboard;
			sourceTree = "<group>";
		};
		CBEEC5002B4E926100B0EDAA /* LaunchScreen.storyboard */ = {
			isa = PBXVariantGroup;
			children = (
				CBEEC5012B4E926100B0EDAA /* Base */,
			);
			name = LaunchScreen.storyboard;
			sourceTree = "<group>";
		};
		CBEEC5462B4E996000B0EDAA /* MainInterface.storyboard */ = {
			isa = PBXVariantGroup;
			children = (
				CBEEC5472B4E996000B0EDAA /* Base */,
			);
			name = MainInterface.storyboard;
			sourceTree = "<group>";
		};
/* End PBXVariantGroup section */

/* Begin XCBuildConfiguration section */
		CBEEC5042B4E926100B0EDAA /* Debug */ = {
			isa = XCBuildConfiguration;
			buildSettings = {
				ALWAYS_SEARCH_USER_PATHS = NO;
				ASSETCATALOG_COMPILER_GENERATE_SWIFT_ASSET_SYMBOL_EXTENSIONS = YES;
				CLANG_ANALYZER_NONNULL = YES;
				CLANG_ANALYZER_NUMBER_OBJECT_CONVERSION = YES_AGGRESSIVE;
				CLANG_CXX_LANGUAGE_STANDARD = "gnu++20";
				CLANG_ENABLE_MODULES = YES;
				CLANG_ENABLE_OBJC_ARC = YES;
				CLANG_ENABLE_OBJC_WEAK = YES;
				CLANG_WARN_BLOCK_CAPTURE_AUTORELEASING = YES;
				CLANG_WARN_BOOL_CONVERSION = YES;
				CLANG_WARN_COMMA = YES;
				CLANG_WARN_CONSTANT_CONVERSION = YES;
				CLANG_WARN_DEPRECATED_OBJC_IMPLEMENTATIONS = YES;
				CLANG_WARN_DIRECT_OBJC_ISA_USAGE = YES_ERROR;
				CLANG_WARN_DOCUMENTATION_COMMENTS = YES;
				CLANG_WARN_EMPTY_BODY = YES;
				CLANG_WARN_ENUM_CONVERSION = YES;
				CLANG_WARN_INFINITE_RECURSION = YES;
				CLANG_WARN_INT_CONVERSION = YES;
				CLANG_WARN_NON_LITERAL_NULL_CONVERSION = YES;
				CLANG_WARN_OBJC_IMPLICIT_RETAIN_SELF = YES;
				CLANG_WARN_OBJC_LITERAL_CONVERSION = YES;
				CLANG_WARN_OBJC_ROOT_CLASS = YES_ERROR;
				CLANG_WARN_QUOTED_INCLUDE_IN_FRAMEWORK_HEADER = YES;
				CLANG_WARN_RANGE_LOOP_ANALYSIS = YES;
				CLANG_WARN_STRICT_PROTOTYPES = YES;
				CLANG_WARN_SUSPICIOUS_MOVE = YES;
				CLANG_WARN_UNGUARDED_AVAILABILITY = YES_AGGRESSIVE;
				CLANG_WARN_UNREACHABLE_CODE = YES;
				CLANG_WARN__DUPLICATE_METHOD_MATCH = YES;
				COPY_PHASE_STRIP = NO;
				DEBUG_INFORMATION_FORMAT = dwarf;
				ENABLE_STRICT_OBJC_MSGSEND = YES;
				ENABLE_TESTABILITY = YES;
				ENABLE_USER_SCRIPT_SANDBOXING = YES;
				GCC_C_LANGUAGE_STANDARD = gnu17;
				GCC_DYNAMIC_NO_PIC = NO;
				GCC_NO_COMMON_BLOCKS = YES;
				GCC_OPTIMIZATION_LEVEL = 0;
				GCC_PREPROCESSOR_DEFINITIONS = (
					"DEBUG=1",
					"$(inherited)",
				);
				GCC_WARN_64_TO_32_BIT_CONVERSION = YES;
				GCC_WARN_ABOUT_RETURN_TYPE = YES_ERROR;
				GCC_WARN_UNDECLARED_SELECTOR = YES;
				GCC_WARN_UNINITIALIZED_AUTOS = YES_AGGRESSIVE;
				GCC_WARN_UNUSED_FUNCTION = YES;
				GCC_WARN_UNUSED_VARIABLE = YES;
				IPHONEOS_DEPLOYMENT_TARGET = 13.0;
				LOCALIZATION_PREFERS_STRING_CATALOGS = YES;
				MTL_ENABLE_DEBUG_INFO = INCLUDE_SOURCE;
				MTL_FAST_MATH = YES;
				ONLY_ACTIVE_ARCH = YES;
				SDKROOT = iphoneos;
				SWIFT_ACTIVE_COMPILATION_CONDITIONS = "DEBUG $(inherited)";
				SWIFT_OPTIMIZATION_LEVEL = "-Onone";
			};
			name = Debug;
		};
		CBEEC5052B4E926100B0EDAA /* Release */ = {
			isa = XCBuildConfiguration;
			buildSettings = {
				ALWAYS_SEARCH_USER_PATHS = NO;
				ASSETCATALOG_COMPILER_GENERATE_SWIFT_ASSET_SYMBOL_EXTENSIONS = YES;
				CLANG_ANALYZER_NONNULL = YES;
				CLANG_ANALYZER_NUMBER_OBJECT_CONVERSION = YES_AGGRESSIVE;
				CLANG_CXX_LANGUAGE_STANDARD = "gnu++20";
				CLANG_ENABLE_MODULES = YES;
				CLANG_ENABLE_OBJC_ARC = YES;
				CLANG_ENABLE_OBJC_WEAK = YES;
				CLANG_WARN_BLOCK_CAPTURE_AUTORELEASING = YES;
				CLANG_WARN_BOOL_CONVERSION = YES;
				CLANG_WARN_COMMA = YES;
				CLANG_WARN_CONSTANT_CONVERSION = YES;
				CLANG_WARN_DEPRECATED_OBJC_IMPLEMENTATIONS = YES;
				CLANG_WARN_DIRECT_OBJC_ISA_USAGE = YES_ERROR;
				CLANG_WARN_DOCUMENTATION_COMMENTS = YES;
				CLANG_WARN_EMPTY_BODY = YES;
				CLANG_WARN_ENUM_CONVERSION = YES;
				CLANG_WARN_INFINITE_RECURSION = YES;
				CLANG_WARN_INT_CONVERSION = YES;
				CLANG_WARN_NON_LITERAL_NULL_CONVERSION = YES;
				CLANG_WARN_OBJC_IMPLICIT_RETAIN_SELF = YES;
				CLANG_WARN_OBJC_LITERAL_CONVERSION = YES;
				CLANG_WARN_OBJC_ROOT_CLASS = YES_ERROR;
				CLANG_WARN_QUOTED_INCLUDE_IN_FRAMEWORK_HEADER = YES;
				CLANG_WARN_RANGE_LOOP_ANALYSIS = YES;
				CLANG_WARN_STRICT_PROTOTYPES = YES;
				CLANG_WARN_SUSPICIOUS_MOVE = YES;
				CLANG_WARN_UNGUARDED_AVAILABILITY = YES_AGGRESSIVE;
				CLANG_WARN_UNREACHABLE_CODE = YES;
				CLANG_WARN__DUPLICATE_METHOD_MATCH = YES;
				COPY_PHASE_STRIP = NO;
				DEBUG_INFORMATION_FORMAT = "dwarf-with-dsym";
				ENABLE_NS_ASSERTIONS = NO;
				ENABLE_STRICT_OBJC_MSGSEND = YES;
				ENABLE_USER_SCRIPT_SANDBOXING = YES;
				GCC_C_LANGUAGE_STANDARD = gnu17;
				GCC_NO_COMMON_BLOCKS = YES;
				GCC_WARN_64_TO_32_BIT_CONVERSION = YES;
				GCC_WARN_ABOUT_RETURN_TYPE = YES_ERROR;
				GCC_WARN_UNDECLARED_SELECTOR = YES;
				GCC_WARN_UNINITIALIZED_AUTOS = YES_AGGRESSIVE;
				GCC_WARN_UNUSED_FUNCTION = YES;
				GCC_WARN_UNUSED_VARIABLE = YES;
				IPHONEOS_DEPLOYMENT_TARGET = 13.0;
				LOCALIZATION_PREFERS_STRING_CATALOGS = YES;
				MTL_ENABLE_DEBUG_INFO = NO;
				MTL_FAST_MATH = YES;
				SDKROOT = iphoneos;
				SWIFT_COMPILATION_MODE = wholemodule;
				VALIDATE_PRODUCT = YES;
			};
			name = Release;
		};
		CBEEC5072B4E926100B0EDAA /* Debug */ = {
			isa = XCBuildConfiguration;
			buildSettings = {
				ALWAYS_EMBED_SWIFT_STANDARD_LIBRARIES = YES;
				ASSETCATALOG_COMPILER_APPICON_NAME = AppIcon;
				ASSETCATALOG_COMPILER_GLOBAL_ACCENT_COLOR_NAME = AccentColor;
				CODE_SIGN_STYLE = Automatic;
				CURRENT_PROJECT_VERSION = 1;
				DEVELOPMENT_TEAM = BBQWCP2Q36;
				GENERATE_INFOPLIST_FILE = YES;
				INFOPLIST_FILE = Project19/Info.plist;
				INFOPLIST_KEY_UIApplicationSupportsIndirectInputEvents = YES;
				INFOPLIST_KEY_UILaunchStoryboardName = LaunchScreen.storyboard;
				INFOPLIST_KEY_UIMainStoryboardFile = Main;
				INFOPLIST_KEY_UISupportedInterfaceOrientations = UIInterfaceOrientationPortrait;
				INFOPLIST_KEY_UISupportedInterfaceOrientations_iPad = "UIInterfaceOrientationLandscapeLeft UIInterfaceOrientationLandscapeRight UIInterfaceOrientationPortrait UIInterfaceOrientationPortraitUpsideDown";
				LD_RUNPATH_SEARCH_PATHS = (
					"$(inherited)",
					"@executable_path/Frameworks",
				);
				MARKETING_VERSION = 1.0;
				PRODUCT_BUNDLE_IDENTIFIER = me.kashnikov.anton.Project19;
				PRODUCT_NAME = "$(TARGET_NAME)";
				SUPPORTED_PLATFORMS = "iphoneos iphonesimulator";
				SUPPORTS_MACCATALYST = NO;
				SUPPORTS_MAC_DESIGNED_FOR_IPHONE_IPAD = NO;
				SUPPORTS_XR_DESIGNED_FOR_IPHONE_IPAD = NO;
				SWIFT_EMIT_LOC_STRINGS = YES;
				SWIFT_VERSION = 5.0;
				TARGETED_DEVICE_FAMILY = 1;
			};
			name = Debug;
		};
		CBEEC5082B4E926100B0EDAA /* Release */ = {
			isa = XCBuildConfiguration;
			buildSettings = {
				ALWAYS_EMBED_SWIFT_STANDARD_LIBRARIES = YES;
				ASSETCATALOG_COMPILER_APPICON_NAME = AppIcon;
				ASSETCATALOG_COMPILER_GLOBAL_ACCENT_COLOR_NAME = AccentColor;
				CODE_SIGN_STYLE = Automatic;
				CURRENT_PROJECT_VERSION = 1;
				DEVELOPMENT_TEAM = BBQWCP2Q36;
				GENERATE_INFOPLIST_FILE = YES;
				INFOPLIST_FILE = Project19/Info.plist;
				INFOPLIST_KEY_UIApplicationSupportsIndirectInputEvents = YES;
				INFOPLIST_KEY_UILaunchStoryboardName = LaunchScreen.storyboard;
				INFOPLIST_KEY_UIMainStoryboardFile = Main;
				INFOPLIST_KEY_UISupportedInterfaceOrientations = UIInterfaceOrientationPortrait;
				INFOPLIST_KEY_UISupportedInterfaceOrientations_iPad = "UIInterfaceOrientationLandscapeLeft UIInterfaceOrientationLandscapeRight UIInterfaceOrientationPortrait UIInterfaceOrientationPortraitUpsideDown";
				LD_RUNPATH_SEARCH_PATHS = (
					"$(inherited)",
					"@executable_path/Frameworks",
				);
				MARKETING_VERSION = 1.0;
				PRODUCT_BUNDLE_IDENTIFIER = me.kashnikov.anton.Project19;
				PRODUCT_NAME = "$(TARGET_NAME)";
				SUPPORTED_PLATFORMS = "iphoneos iphonesimulator";
				SUPPORTS_MACCATALYST = NO;
				SUPPORTS_MAC_DESIGNED_FOR_IPHONE_IPAD = NO;
				SUPPORTS_XR_DESIGNED_FOR_IPHONE_IPAD = NO;
				SWIFT_EMIT_LOC_STRINGS = YES;
				SWIFT_VERSION = 5.0;
				TARGETED_DEVICE_FAMILY = 1;
			};
			name = Release;
		};
		CBEEC54E2B4E996000B0EDAA /* Debug */ = {
			isa = XCBuildConfiguration;
			buildSettings = {
				CODE_SIGN_STYLE = Automatic;
				CURRENT_PROJECT_VERSION = 1;
				DEVELOPMENT_TEAM = BBQWCP2Q36;
				GENERATE_INFOPLIST_FILE = YES;
				INFOPLIST_FILE = Extension/Info.plist;
				INFOPLIST_KEY_CFBundleDisplayName = Extension;
				INFOPLIST_KEY_NSHumanReadableCopyright = "";
				IPHONEOS_DEPLOYMENT_TARGET = 13.0;
				LD_RUNPATH_SEARCH_PATHS = (
					"$(inherited)",
					"@executable_path/Frameworks",
					"@executable_path/../../Frameworks",
				);
				MARKETING_VERSION = 1.0;
				PRODUCT_BUNDLE_IDENTIFIER = me.kashnikov.anton.Project19.Extension;
				PRODUCT_NAME = "$(TARGET_NAME)";
				SKIP_INSTALL = YES;
				SUPPORTED_PLATFORMS = "iphoneos iphonesimulator";
				SUPPORTS_MACCATALYST = NO;
				SUPPORTS_MAC_DESIGNED_FOR_IPHONE_IPAD = NO;
				SUPPORTS_XR_DESIGNED_FOR_IPHONE_IPAD = NO;
				SWIFT_EMIT_LOC_STRINGS = YES;
				SWIFT_VERSION = 5.0;
				TARGETED_DEVICE_FAMILY = "1,2";
			};
			name = Debug;
		};
		CBEEC54F2B4E996000B0EDAA /* Release */ = {
			isa = XCBuildConfiguration;
			buildSettings = {
				CODE_SIGN_STYLE = Automatic;
				CURRENT_PROJECT_VERSION = 1;
				DEVELOPMENT_TEAM = BBQWCP2Q36;
				GENERATE_INFOPLIST_FILE = YES;
				INFOPLIST_FILE = Extension/Info.plist;
				INFOPLIST_KEY_CFBundleDisplayName = Extension;
				INFOPLIST_KEY_NSHumanReadableCopyright = "";
				IPHONEOS_DEPLOYMENT_TARGET = 13.0;
				LD_RUNPATH_SEARCH_PATHS = (
					"$(inherited)",
					"@executable_path/Frameworks",
					"@executable_path/../../Frameworks",
				);
				MARKETING_VERSION = 1.0;
				PRODUCT_BUNDLE_IDENTIFIER = me.kashnikov.anton.Project19.Extension;
				PRODUCT_NAME = "$(TARGET_NAME)";
				SKIP_INSTALL = YES;
				SUPPORTED_PLATFORMS = "iphoneos iphonesimulator";
				SUPPORTS_MACCATALYST = NO;
				SUPPORTS_MAC_DESIGNED_FOR_IPHONE_IPAD = NO;
				SUPPORTS_XR_DESIGNED_FOR_IPHONE_IPAD = NO;
				SWIFT_EMIT_LOC_STRINGS = YES;
				SWIFT_VERSION = 5.0;
				TARGETED_DEVICE_FAMILY = "1,2";
			};
			name = Release;
		};
/* End XCBuildConfiguration section */

/* Begin XCConfigurationList section */
		CBEEC4ED2B4E926000B0EDAA /* Build configuration list for PBXProject "Project19" */ = {
			isa = XCConfigurationList;
			buildConfigurations = (
				CBEEC5042B4E926100B0EDAA /* Debug */,
				CBEEC5052B4E926100B0EDAA /* Release */,
			);
			defaultConfigurationIsVisible = 0;
			defaultConfigurationName = Release;
		};
		CBEEC5062B4E926100B0EDAA /* Build configuration list for PBXNativeTarget "Project19" */ = {
			isa = XCConfigurationList;
			buildConfigurations = (
				CBEEC5072B4E926100B0EDAA /* Debug */,
				CBEEC5082B4E926100B0EDAA /* Release */,
			);
			defaultConfigurationIsVisible = 0;
			defaultConfigurationName = Release;
		};
		CBEEC5502B4E996000B0EDAA /* Build configuration list for PBXNativeTarget "Extension" */ = {
			isa = XCConfigurationList;
			buildConfigurations = (
				CBEEC54E2B4E996000B0EDAA /* Debug */,
				CBEEC54F2B4E996000B0EDAA /* Release */,
			);
			defaultConfigurationIsVisible = 0;
			defaultConfigurationName = Release;
		};
/* End XCConfigurationList section */
	};
	rootObject = CBEEC4EA2B4E926000B0EDAA /* Project object */;
}
